
Microsoft Visual Studio Solution File, Format Version 12.00
# Visual Studio 15
VisualStudioVersion = 15.0.34112.143
MinimumVisualStudioVersion = 10.0.40219.1
Project("{FAE04EC0-301F-11D3-BF4B-00C04F79EFBC}") = "TCPIPClientTest", "TCPIPClientTest\TCPIPClientTest.csproj", "{08434C54-218A-4BE1-B647-56CE20611634}"
EndProject
Project("{54435603-DBB4-11D2-8724-00A0C9A8B90C}") = "Setup1", "Setup1\Setup1.vdproj", "{6E1B2F02-7EC1-4605-A26B-43F115294F96}"
EndProject
Global
	GlobalSection(SolutionConfigurationPlatforms) = preSolution
		Debug|Any CPU = Debug|Any CPU
		Release|Any CPU = Release|Any CPU
	EndGlobalSection
	GlobalSection(ProjectConfigurationPlatforms) = postSolution
		{08434C54-218A-4BE1-B647-56CE20611634}.Debug|Any CPU.ActiveCfg = Release|Any CPU
		{08434C54-218A-4BE1-B647-56CE20611634}.Debug|Any CPU.Build.0 = Release|Any CPU
		{08434C54-218A-4BE1-B647-56CE20611634}.Release|Any CPU.ActiveCfg = Release|Any CPU
		{08434C54-218A-4BE1-B647-56CE20611634}.Release|Any CPU.Build.0 = Release|Any CPU
		{6E1B2F02-7EC1-4605-A26B-43F115294F96}.Debug|Any CPU.ActiveCfg = Release
		{6E1B2F02-7EC1-4605-A26B-43F115294F96}.Release|Any CPU.ActiveCfg = Release
	EndGlobalSection
	GlobalSection(SolutionProperties) = preSolution
		HideSolutionNode = FALSE
	EndGlobalSection
	GlobalSection(ExtensibilityGlobals) = postSolution
		SolutionGuid = {C2D4B6F7-5257-494B-8707-88F4A3E0C3EA}
	EndGlobalSection
EndGlobal
